{
  "version": "4",
  "specifiers": {
    "jsr:@eta-dev/eta@3.5.0": "3.5.0",
    "jsr:@littlelite/dyelog@~0.1.9": "0.1.9",
    "jsr:@oak/commons@1": "1.0.0",
    "jsr:@oak/oak@*": "17.1.4",
    "jsr:@oak/oak@^17.1.4": "17.1.4",
    "jsr:@std/assert@1": "1.0.11",
    "jsr:@std/bytes@1": "1.0.5",
    "jsr:@std/crypto@1": "1.0.4",
    "jsr:@std/encoding@1": "1.0.7",
    "jsr:@std/encoding@^1.0.7": "1.0.7",
    "jsr:@std/fmt@1.0.2": "1.0.2",
    "jsr:@std/http@1": "1.0.13",
    "jsr:@std/media-types@1": "1.1.0",
    "jsr:@std/path@1": "1.0.8",
    "npm:path-to-regexp@^6.3.0": "6.3.0"
  },
  "jsr": {
    "@eta-dev/eta@3.5.0": {
      "integrity": "6b70827efc14c7cbf08498ac7a922ecab003641caf3852a6cb5b1b12ee58fb37"
    },
    "@littlelite/dyelog@0.1.9": {
      "integrity": "23323dc0a1c55300635a36bffb4080a79bcf1665c06b0607403aa8475faa2d27",
      "dependencies": [
        "jsr:@std/fmt"
      ]
    },
    "@oak/commons@1.0.0": {
      "integrity": "49805b55603c3627a9d6235c0655aa2b6222d3036b3a13ff0380c16368f607ac",
      "dependencies": [
        "jsr:@std/assert",
        "jsr:@std/bytes",
        "jsr:@std/crypto",
        "jsr:@std/encoding@1",
        "jsr:@std/http",
        "jsr:@std/media-types"
      ]
    },
    "@oak/oak@17.1.4": {
      "integrity": "60530b582bf276ff741e39cc664026781aa08dd5f2bc5134d756cc427bf2c13e",
      "dependencies": [
        "jsr:@oak/commons",
        "jsr:@std/assert",
        "jsr:@std/bytes",
        "jsr:@std/http",
        "jsr:@std/media-types",
        "jsr:@std/path",
        "npm:path-to-regexp"
      ]
    },
    "@std/assert@1.0.11": {
      "integrity": "2461ef3c368fe88bc60e186e7744a93112f16fd110022e113a0849e94d1c83c1"
    },
    "@std/bytes@1.0.5": {
      "integrity": "4465dd739d7963d964c809202ebea6d5c6b8e3829ef25c6a224290fbb8a1021e"
    },
    "@std/crypto@1.0.4": {
      "integrity": "cee245c453bd5366207f4d8aa25ea3e9c86cecad2be3fefcaa6cb17203d79340"
    },
    "@std/encoding@1.0.7": {
      "integrity": "f631247c1698fef289f2de9e2a33d571e46133b38d042905e3eac3715030a82d"
    },
    "@std/fmt@1.0.2": {
      "integrity": "87e9dfcdd3ca7c066e0c3c657c1f987c82888eb8103a3a3baa62684ffeb0f7a7"
    },
    "@std/http@1.0.13": {
      "integrity": "d29618b982f7ae44380111f7e5b43da59b15db64101198bb5f77100d44eb1e1e",
      "dependencies": [
        "jsr:@std/encoding@^1.0.7"
      ]
    },
    "@std/media-types@1.1.0": {
      "integrity": "c9d093f0c05c3512932b330e3cc1fe1d627b301db33a4c2c2185c02471d6eaa4"
    },
    "@std/path@1.0.8": {
      "integrity": "548fa456bb6a04d3c1a1e7477986b6cffbce95102d0bb447c67c4ee70e0364be"
    }
  },
  "npm": {
    "path-to-regexp@6.3.0": {
      "integrity": "sha512-Yhpw4T9C6hPpgPeA28us07OJeqZ5EzQTkbfwuhsUg0c237RomFoETJgmp2sa3F/41gfLE6G5cqcYwznmeEeOlQ=="
    }
  },
  "remote": {
    "https://deno.land/std@0.149.0/_wasm_crypto/lib/deno_std_wasm_crypto.generated.mjs": "dfcd6777d05345362c70f9f2c49abba3ed3f925fccfcf725abe2d16d51819433",
    "https://deno.land/std@0.149.0/_wasm_crypto/mod.ts": "6c60d332716147ded0eece0861780678d51b560f533b27db2e15c64a4ef83665",
    "https://deno.land/std@0.149.0/crypto/_fnv/fnv32.ts": "aa9bddead8c6345087d3abd4ef35fb9655622afc333fc41fff382b36e64280b5",
    "https://deno.land/std@0.149.0/crypto/_fnv/fnv64.ts": "625d7e7505b6cb2e9801b5fd6ed0a89256bac12b2bbb3e4664b85a88b0ec5bef",
    "https://deno.land/std@0.149.0/crypto/_fnv/index.ts": "a8f6a361b4c6d54e5e89c16098f99b6962a1dd6ad1307dbc97fa1ecac5d7060a",
    "https://deno.land/std@0.149.0/crypto/_fnv/util.ts": "4848313bed7f00f55be3cb080aa0583fc007812ba965b03e4009665bde614ce3",
    "https://deno.land/std@0.149.0/crypto/mod.ts": "037fc8712e6a0f4346957c1257e2befe3668c4ec2e89c3278859bfbe3047df76",
    "https://deno.land/std@0.149.0/encoding/base64.ts": "c8c16b4adaa60d7a8eee047c73ece26844435e8f7f1328d74593dbb2dd58ea4f",
    "https://deno.land/x/bcrypt@v0.4.1/mod.ts": "ff09bdae282583cf5f7d87efe37ddcecef7f14f6d12e8b8066a3058db8c6c2f7",
    "https://deno.land/x/bcrypt@v0.4.1/src/bcrypt/base64.ts": "b8266450a4f1eb6960f60f2f7986afc4dde6b45bd2d7ee7ba10789e67e17b9f7",
    "https://deno.land/x/bcrypt@v0.4.1/src/bcrypt/bcrypt.ts": "ec221648cc6453ea5e3803bc817c01157dada06aa6f7a0ba6b9f87aae32b21e2",
    "https://deno.land/x/bcrypt@v0.4.1/src/main.ts": "08d201b289c8d9c46f8839c69cd6625b213863db29775c7a200afc3b540e64f8",
    "https://deno.land/x/bcrypt@v0.4.1/src/worker.ts": "5a73bdfee9c9e622f47c9733d374b627dce52fb3ec1e74c8226698b3fc57ffac",
    "https://deno.land/x/nanoid@v3.0.0/async.ts": "654420a3b480b46393538c96a2690af1aa7cbe2fae5614054068c53f8d0679d4",
    "https://deno.land/x/nanoid@v3.0.0/customAlphabet.ts": "1cfd7cfd2f07ca8d78a7e7855fcc9f59abf01ef2a127484ef94328fadf940ead",
    "https://deno.land/x/nanoid@v3.0.0/customRandom.ts": "af56e19038c891a4b4ef2be931554c27579bd407ee5bbea5cb64f6ee1347cbe3",
    "https://deno.land/x/nanoid@v3.0.0/mod.ts": "3ead610e40c58d8fdca21d5da9ec661445a2b82526e19c34d05de5f90be8a1be",
    "https://deno.land/x/nanoid@v3.0.0/nanoid.ts": "8d119bc89a0f34e7bbe0c2dbdc280d01753e431af553d189663492310a31085d",
    "https://deno.land/x/nanoid@v3.0.0/random.ts": "4da71d5f72f2bfcc6a4ee79b5d4e72f48dcf4fe4c3835fd5ebab08b9f33cd598",
    "https://deno.land/x/nanoid@v3.0.0/urlAlphabet.ts": "8b1511deb1ecb23c66202b6000dc10fb68f9a96b5550c6c8cef5009324793431",
    "https://deno.land/x/oak_sessions@v4.1.11/mod.ts": "ad069850ea964630827917e3f0447b803b79238a0d11dcb8045334f917e099b7",
    "https://deno.land/x/oak_sessions@v4.1.11/src/Session.ts": "9bf64dc834eb491b8f7249adcd2c7bd0f65bd66a51e74c0ac5939d2895b5db18",
    "https://deno.land/x/oak_sessions@v4.1.11/src/crypto.ts": "b0f481d64daef35161177af7cd9e46f59267bcc46b2706ab918269321b6d5f36",
    "https://deno.land/x/oak_sessions@v4.1.11/src/stores/CookieStore.ts": "88c49062bb054e26ee441af8fbb139c16f9572494b3fa238c5231f18506aff27",
    "https://deno.land/x/oak_sessions@v4.1.11/src/stores/MemoryStore.ts": "60208a0679e40b56d55c97250262b5b3c84d71db4940c7145acae70b378bb923",
    "https://deno.land/x/oak_sessions@v4.1.11/src/stores/MongoStore.ts": "57759b89ab8453432b24e8675acca2b45736cd687388786f9673cd02bc64d375",
    "https://deno.land/x/oak_sessions@v4.1.11/src/stores/PostgresStore.ts": "6e5c8789c18c48db7e1539201266ac70ccc8051c51eb12b2323eb25ba1c54c5d",
    "https://deno.land/x/oak_sessions@v4.1.11/src/stores/RedisStore.ts": "d737dfbf76d8452f642c326677c858bb6b931cd74d139348f5e28627aab69c23",
    "https://deno.land/x/oak_sessions@v4.1.11/src/stores/SqliteStore.ts": "8939430eb3b3ee5e61677f0ef881d55a0408e24f8297e93d217c9e3ff471343f",
    "https://deno.land/x/oak_sessions@v4.1.11/src/stores/Store.ts": "0e472d293d4930d48a3d83214be1b6e6b46de96d9ce6ca31f545b39c7d8bdfa1",
    "https://deno.land/x/oak_sessions@v4.1.11/src/stores/WebdisStore.ts": "0b39d1962177b742845984b0dce3837e37d1e01ca4352b265be927d39437b74e",
    "https://deno.land/x/sqlite@v3.4.0/build/sqlite.js": "ad339d4b614f527ce8c62c75b52c6e8f747fd44fc0b3ecc231d22089cbec9adf",
    "https://deno.land/x/sqlite@v3.4.0/build/vfs.js": "01bae9acd531a68590479da0571b68e71357922a1e2f5ef91382ea3f2b22a3f5",
    "https://deno.land/x/sqlite@v3.4.0/mod.ts": "eb55ff3e103826ee735fa1a8ec2db6e96c8fec826faf198239c66a0fe635c4b6",
    "https://deno.land/x/sqlite@v3.4.0/src/constants.ts": "b967237b460fafa03ca03aeddb33953bed41c7cbdc309a934e2329a5c84079ac",
    "https://deno.land/x/sqlite@v3.4.0/src/db.ts": "7ab765f31a07da0de4a5a421cc8f3f6298ce77518242a1f7c6f896b79e483882",
    "https://deno.land/x/sqlite@v3.4.0/src/error.ts": "abf9df169951faf8c21a68d99ef9efd257c788c19784f27dd147507fbdfe5fe7",
    "https://deno.land/x/sqlite@v3.4.0/src/query.ts": "df4d3d6b23d52b36243dd47c07ed6ed7cd23f7834a0f6a2f2c6dbffba63d4c28",
    "https://deno.land/x/sqlite@v3.4.0/src/wasm.ts": "e79d0baa6e42423257fb3c7cc98091c54399254867e0f34a09b5bdef37bd9487"
  },
  "workspace": {
    "dependencies": [
      "jsr:@eta-dev/eta@3.5.0",
      "jsr:@littlelite/dyelog@~0.1.9",
      "jsr:@oak/oak@^17.1.4",
      "jsr:@std/fmt@1.0.5",
      "jsr:@std/path@^1.0.8",
      "jsr:@std/server@~0.219.1"
    ]
  }
}
